// !$*UTF8*$!
{
	archiveVersion = 1;
	classes = {
	};
	objectVersion = 55;
	objects = {

/* Begin PBXBuildFile section */
		1634408E278DE97200BD2A12 /* Movies2YouApp.swift in Sources */ = {isa = PBXBuildFile; fileRef = 1634408D278DE97200BD2A12 /* Movies2YouApp.swift */; };
		16344090278DE97200BD2A12 /* MovieView.swift in Sources */ = {isa = PBXBuildFile; fileRef = 1634408F278DE97200BD2A12 /* MovieView.swift */; };
		16344092278DE97400BD2A12 /* Assets.xcassets in Resources */ = {isa = PBXBuildFile; fileRef = 16344091278DE97400BD2A12 /* Assets.xcassets */; };
		16344095278DE97400BD2A12 /* Preview Assets.xcassets in Resources */ = {isa = PBXBuildFile; fileRef = 16344094278DE97400BD2A12 /* Preview Assets.xcassets */; };
		163440A0278DEAB000BD2A12 /* MovieAPI.swift in Sources */ = {isa = PBXBuildFile; fileRef = 1634409F278DEAB000BD2A12 /* MovieAPI.swift */; };
		163440A2278DEAE400BD2A12 /* MovieModel.swift in Sources */ = {isa = PBXBuildFile; fileRef = 163440A1278DEAE400BD2A12 /* MovieModel.swift */; };
		163440A4278DEAFB00BD2A12 /* MovieViewModel.swift in Sources */ = {isa = PBXBuildFile; fileRef = 163440A3278DEAFB00BD2A12 /* MovieViewModel.swift */; };
		1693862527906D3E00881985 /* RelatedMoviesItemView.swift in Sources */ = {isa = PBXBuildFile; fileRef = 1693862427906D3E00881985 /* RelatedMoviesItemView.swift */; };
		1693862727906D9F00881985 /* MovieHeaderView.swift in Sources */ = {isa = PBXBuildFile; fileRef = 1693862627906D9F00881985 /* MovieHeaderView.swift */; };
		16CC7017278E0E6100B7E22E /* Extensions.swift in Sources */ = {isa = PBXBuildFile; fileRef = 16CC7016278E0E6100B7E22E /* Extensions.swift */; };
		16CC7019278E0E7D00B7E22E /* GetAPIKey.swift in Sources */ = {isa = PBXBuildFile; fileRef = 16CC7018278E0E7D00B7E22E /* GetAPIKey.swift */; };
/* End PBXBuildFile section */

/* Begin PBXFileReference section */
		1634408A278DE97200BD2A12 /* Movies2You.app */ = {isa = PBXFileReference; explicitFileType = wrapper.application; includeInIndex = 0; path = Movies2You.app; sourceTree = BUILT_PRODUCTS_DIR; };
		1634408D278DE97200BD2A12 /* Movies2YouApp.swift */ = {isa = PBXFileReference; lastKnownFileType = sourcecode.swift; path = Movies2YouApp.swift; sourceTree = "<group>"; };
		1634408F278DE97200BD2A12 /* MovieView.swift */ = {isa = PBXFileReference; lastKnownFileType = sourcecode.swift; path = MovieView.swift; sourceTree = "<group>"; };
		16344091278DE97400BD2A12 /* Assets.xcassets */ = {isa = PBXFileReference; lastKnownFileType = folder.assetcatalog; path = Assets.xcassets; sourceTree = "<group>"; };
		16344094278DE97400BD2A12 /* Preview Assets.xcassets */ = {isa = PBXFileReference; lastKnownFileType = folder.assetcatalog; path = "Preview Assets.xcassets"; sourceTree = "<group>"; };
		1634409F278DEAB000BD2A12 /* MovieAPI.swift */ = {isa = PBXFileReference; lastKnownFileType = sourcecode.swift; path = MovieAPI.swift; sourceTree = "<group>"; };
		163440A1278DEAE400BD2A12 /* MovieModel.swift */ = {isa = PBXFileReference; lastKnownFileType = sourcecode.swift; path = MovieModel.swift; sourceTree = "<group>"; };
		163440A3278DEAFB00BD2A12 /* MovieViewModel.swift */ = {isa = PBXFileReference; lastKnownFileType = sourcecode.swift; path = MovieViewModel.swift; sourceTree = "<group>"; };
		1693862427906D3E00881985 /* RelatedMoviesItemView.swift */ = {isa = PBXFileReference; lastKnownFileType = sourcecode.swift; path = RelatedMoviesItemView.swift; sourceTree = "<group>"; };
		1693862627906D9F00881985 /* MovieHeaderView.swift */ = {isa = PBXFileReference; lastKnownFileType = sourcecode.swift; path = MovieHeaderView.swift; sourceTree = "<group>"; };
		1693862827906EAE00881985 /* Info.plist */ = {isa = PBXFileReference; lastKnownFileType = text.plist.xml; path = Info.plist; sourceTree = "<group>"; };
		16CC7016278E0E6100B7E22E /* Extensions.swift */ = {isa = PBXFileReference; lastKnownFileType = sourcecode.swift; path = Extensions.swift; sourceTree = "<group>"; };
		16CC7018278E0E7D00B7E22E /* GetAPIKey.swift */ = {isa = PBXFileReference; lastKnownFileType = sourcecode.swift; path = GetAPIKey.swift; sourceTree = "<group>"; };
/* End PBXFileReference section */

/* Begin PBXFrameworksBuildPhase section */
		16344087278DE97200BD2A12 /* Frameworks */ = {
			isa = PBXFrameworksBuildPhase;
			buildActionMask = 2147483647;
			files = (
			);
			runOnlyForDeploymentPostprocessing = 0;
		};
/* End PBXFrameworksBuildPhase section */

/* Begin PBXGroup section */
		16344081278DE97200BD2A12 = {
			isa = PBXGroup;
			children = (
				1634408C278DE97200BD2A12 /* Movies2You */,
				1634408B278DE97200BD2A12 /* Products */,
			);
			sourceTree = "<group>";
		};
		1634408B278DE97200BD2A12 /* Products */ = {
			isa = PBXGroup;
			children = (
				1634408A278DE97200BD2A12 /* Movies2You.app */,
			);
			name = Products;
			sourceTree = "<group>";
		};
		1634408C278DE97200BD2A12 /* Movies2You */ = {
			isa = PBXGroup;
			children = (
				1693862827906EAE00881985 /* Info.plist */,
				1634409C278DEA1600BD2A12 /* Model */,
				1634409D278DEA1B00BD2A12 /* ViewModel */,
				1634409B278DEA0E00BD2A12 /* View */,
				16CC7015278E07B800B7E22E /* Helpers */,
				1634408D278DE97200BD2A12 /* Movies2YouApp.swift */,
				16344091278DE97400BD2A12 /* Assets.xcassets */,
				16344093278DE97400BD2A12 /* Preview Content */,
			);
			path = Movies2You;
			sourceTree = "<group>";
		};
		16344093278DE97400BD2A12 /* Preview Content */ = {
			isa = PBXGroup;
			children = (
				16344094278DE97400BD2A12 /* Preview Assets.xcassets */,
			);
			path = "Preview Content";
			sourceTree = "<group>";
		};
		1634409B278DEA0E00BD2A12 /* View */ = {
			isa = PBXGroup;
			children = (
				1634408F278DE97200BD2A12 /* MovieView.swift */,
				1693862627906D9F00881985 /* MovieHeaderView.swift */,
				1693862427906D3E00881985 /* RelatedMoviesItemView.swift */,
			);
			path = View;
			sourceTree = "<group>";
		};
		1634409C278DEA1600BD2A12 /* Model */ = {
			isa = PBXGroup;
			children = (
				163440A1278DEAE400BD2A12 /* MovieModel.swift */,
			);
			path = Model;
			sourceTree = "<group>";
		};
		1634409D278DEA1B00BD2A12 /* ViewModel */ = {
			isa = PBXGroup;
			children = (
				1634409F278DEAB000BD2A12 /* MovieAPI.swift */,
				163440A3278DEAFB00BD2A12 /* MovieViewModel.swift */,
			);
			path = ViewModel;
			sourceTree = "<group>";
		};
		16CC7015278E07B800B7E22E /* Helpers */ = {
			isa = PBXGroup;
			children = (
				16CC7016278E0E6100B7E22E /* Extensions.swift */,
				16CC7018278E0E7D00B7E22E /* GetAPIKey.swift */,
			);
			path = Helpers;
			sourceTree = "<group>";
		};
/* End PBXGroup section */

/* Begin PBXNativeTarget section */
		16344089278DE97200BD2A12 /* Movies2You */ = {
			isa = PBXNativeTarget;
			buildConfigurationList = 16344098278DE97400BD2A12 /* Build configuration list for PBXNativeTarget "Movies2You" */;
			buildPhases = (
				16344086278DE97200BD2A12 /* Sources */,
				16344087278DE97200BD2A12 /* Frameworks */,
				16344088278DE97200BD2A12 /* Resources */,
			);
			buildRules = (
			);
			dependencies = (
			);
			name = Movies2You;
			productName = Movies2You;
			productReference = 1634408A278DE97200BD2A12 /* Movies2You.app */;
			productType = "com.apple.product-type.application";
		};
/* End PBXNativeTarget section */

/* Begin PBXProject section */
		16344082278DE97200BD2A12 /* Project object */ = {
			isa = PBXProject;
			attributes = {
				BuildIndependentTargetsInParallel = 1;
				LastSwiftUpdateCheck = 1310;
				LastUpgradeCheck = 1310;
				TargetAttributes = {
					16344089278DE97200BD2A12 = {
						CreatedOnToolsVersion = 13.1;
					};
				};
			};
			buildConfigurationList = 16344085278DE97200BD2A12 /* Build configuration list for PBXProject "Movies2You" */;
			compatibilityVersion = "Xcode 13.0";
			developmentRegion = en;
			hasScannedForEncodings = 0;
			knownRegions = (
				en,
				Base,
			);
			mainGroup = 16344081278DE97200BD2A12;
			productRefGroup = 1634408B278DE97200BD2A12 /* Products */;
			projectDirPath = "";
			projectRoot = "";
			targets = (
				16344089278DE97200BD2A12 /* Movies2You */,
			);
		};
/* End PBXProject section */

/* Begin PBXResourcesBuildPhase section */
		16344088278DE97200BD2A12 /* Resources */ = {
			isa = PBXResourcesBuildPhase;
			buildActionMask = 2147483647;
			files = (
				16344095278DE97400BD2A12 /* Preview Assets.xcassets in Resources */,
				16344092278DE97400BD2A12 /* Assets.xcassets in Resources */,
			);
			runOnlyForDeploymentPostprocessing = 0;
		};
/* End PBXResourcesBuildPhase section */

/* Begin PBXSourcesBuildPhase section */
		16344086278DE97200BD2A12 /* Sources */ = {
			isa = PBXSourcesBuildPhase;
			buildActionMask = 2147483647;
			files = (
				163440A2278DEAE400BD2A12 /* MovieModel.swift in Sources */,
				16CC7017278E0E6100B7E22E /* Extensions.swift in Sources */,
				16CC7019278E0E7D00B7E22E /* GetAPIKey.swift in Sources */,
				163440A4278DEAFB00BD2A12 /* MovieViewModel.swift in Sources */,
				1693862727906D9F00881985 /* MovieHeaderView.swift in Sources */,
				1693862527906D3E00881985 /* RelatedMoviesItemView.swift in Sources */,
				163440A0278DEAB000BD2A12 /* MovieAPI.swift in Sources */,
				16344090278DE97200BD2A12 /* MovieView.swift in Sources */,
				1634408E278DE97200BD2A12 /* Movies2YouApp.swift in Sources */,
			);
			runOnlyForDeploymentPostprocessing = 0;
		};
/* End PBXSourcesBuildPhase section */

/* Begin XCBuildConfiguration section */
		16344096278DE97400BD2A12 /* Debug */ = {
			isa = XCBuildConfiguration;
			buildSettings = {
				ALWAYS_SEARCH_USER_PATHS = NO;
				CLANG_ANALYZER_NONNULL = YES;
				CLANG_ANALYZER_NUMBER_OBJECT_CONVERSION = YES_AGGRESSIVE;
				CLANG_CXX_LANGUAGE_STANDARD = "gnu++17";
				CLANG_CXX_LIBRARY = "libc++";
				CLANG_ENABLE_MODULES = YES;
				CLANG_ENABLE_OBJC_ARC = YES;
				CLANG_ENABLE_OBJC_WEAK = YES;
				CLANG_WARN_BLOCK_CAPTURE_AUTORELEASING = YES;
				CLANG_WARN_BOOL_CONVERSION = YES;
				CLANG_WARN_COMMA = YES;
				CLANG_WARN_CONSTANT_CONVERSION = YES;
				CLANG_WARN_DEPRECATED_OBJC_IMPLEMENTATIONS = YES;
				CLANG_WARN_DIRECT_OBJC_ISA_USAGE = YES_ERROR;
				CLANG_WARN_DOCUMENTATION_COMMENTS = YES;
				CLANG_WARN_EMPTY_BODY = YES;
				CLANG_WARN_ENUM_CONVERSION = YES;
				CLANG_WARN_INFINITE_RECURSION = YES;
				CLANG_WARN_INT_CONVERSION = YES;
				CLANG_WARN_NON_LITERAL_NULL_CONVERSION = YES;
				CLANG_WARN_OBJC_IMPLICIT_RETAIN_SELF = YES;
				CLANG_WARN_OBJC_LITERAL_CONVERSION = YES;
				CLANG_WARN_OBJC_ROOT_CLASS = YES_ERROR;
				CLANG_WARN_QUOTED_INCLUDE_IN_FRAMEWORK_HEADER = YES;
				CLANG_WARN_RANGE_LOOP_ANALYSIS = YES;
				CLANG_WARN_STRICT_PROTOTYPES = YES;
				CLANG_WARN_SUSPICIOUS_MOVE = YES;
				CLANG_WARN_UNGUARDED_AVAILABILITY = YES_AGGRESSIVE;
				CLANG_WARN_UNREACHABLE_CODE = YES;
				CLANG_WARN__DUPLICATE_METHOD_MATCH = YES;
				COPY_PHASE_STRIP = NO;
				DEBUG_INFORMATION_FORMAT = dwarf;
				ENABLE_STRICT_OBJC_MSGSEND = YES;
				ENABLE_TESTABILITY = YES;
				GCC_C_LANGUAGE_STANDARD = gnu11;
				GCC_DYNAMIC_NO_PIC = NO;
				GCC_NO_COMMON_BLOCKS = YES;
				GCC_OPTIMIZATION_LEVEL = 0;
				GCC_PREPROCESSOR_DEFINITIONS = (
					"DEBUG=1",
					"$(inherited)",
				);
				GCC_WARN_64_TO_32_BIT_CONVERSION = YES;
				GCC_WARN_ABOUT_RETURN_TYPE = YES_ERROR;
				GCC_WARN_UNDECLARED_SELECTOR = YES;
				GCC_WARN_UNINITIALIZED_AUTOS = YES_AGGRESSIVE;
				GCC_WARN_UNUSED_FUNCTION = YES;
				GCC_WARN_UNUSED_VARIABLE = YES;
				IPHONEOS_DEPLOYMENT_TARGET = 15.0;
				MTL_ENABLE_DEBUG_INFO = INCLUDE_SOURCE;
				MTL_FAST_MATH = YES;
				ONLY_ACTIVE_ARCH = YES;
				SDKROOT = iphoneos;
				SWIFT_ACTIVE_COMPILATION_CONDITIONS = DEBUG;
				SWIFT_OPTIMIZATION_LEVEL = "-Onone";
			};
			name = Debug;
		};
		16344097278DE97400BD2A12 /* Release */ = {
			isa = XCBuildConfiguration;
			buildSettings = {
				ALWAYS_SEARCH_USER_PATHS = NO;
				CLANG_ANALYZER_NONNULL = YES;
				CLANG_ANALYZER_NUMBER_OBJECT_CONVERSION = YES_AGGRESSIVE;
				CLANG_CXX_LANGUAGE_STANDARD = "gnu++17";
				CLANG_CXX_LIBRARY = "libc++";
				CLANG_ENABLE_MODULES = YES;
				CLANG_ENABLE_OBJC_ARC = YES;
				CLANG_ENABLE_OBJC_WEAK = YES;
				CLANG_WARN_BLOCK_CAPTURE_AUTORELEASING = YES;
				CLANG_WARN_BOOL_CONVERSION = YES;
				CLANG_WARN_COMMA = YES;
				CLANG_WARN_CONSTANT_CONVERSION = YES;
				CLANG_WARN_DEPRECATED_OBJC_IMPLEMENTATIONS = YES;
				CLANG_WARN_DIRECT_OBJC_ISA_USAGE = YES_ERROR;
				CLANG_WARN_DOCUMENTATION_COMMENTS = YES;
				CLANG_WARN_EMPTY_BODY = YES;
				CLANG_WARN_ENUM_CONVERSION = YES;
				CLANG_WARN_INFINITE_RECURSION = YES;
				CLANG_WARN_INT_CONVERSION = YES;
				CLANG_WARN_NON_LITERAL_NULL_CONVERSION = YES;
				CLANG_WARN_OBJC_IMPLICIT_RETAIN_SELF = YES;
				CLANG_WARN_OBJC_LITERAL_CONVERSION = YES;
				CLANG_WARN_OBJC_ROOT_CLASS = YES_ERROR;
				CLANG_WARN_QUOTED_INCLUDE_IN_FRAMEWORK_HEADER = YES;
				CLANG_WARN_RANGE_LOOP_ANALYSIS = YES;
				CLANG_WARN_STRICT_PROTOTYPES = YES;
				CLANG_WARN_SUSPICIOUS_MOVE = YES;
				CLANG_WARN_UNGUARDED_AVAILABILITY = YES_AGGRESSIVE;
				CLANG_WARN_UNREACHABLE_CODE = YES;
				CLANG_WARN__DUPLICATE_METHOD_MATCH = YES;
				COPY_PHASE_STRIP = NO;
				DEBUG_INFORMATION_FORMAT = "dwarf-with-dsym";
				ENABLE_NS_ASSERTIONS = NO;
				ENABLE_STRICT_OBJC_MSGSEND = YES;
				GCC_C_LANGUAGE_STANDARD = gnu11;
				GCC_NO_COMMON_BLOCKS = YES;
				GCC_WARN_64_TO_32_BIT_CONVERSION = YES;
				GCC_WARN_ABOUT_RETURN_TYPE = YES_ERROR;
				GCC_WARN_UNDECLARED_SELECTOR = YES;
				GCC_WARN_UNINITIALIZED_AUTOS = YES_AGGRESSIVE;
				GCC_WARN_UNUSED_FUNCTION = YES;
				GCC_WARN_UNUSED_VARIABLE = YES;
				IPHONEOS_DEPLOYMENT_TARGET = 15.0;
				MTL_ENABLE_DEBUG_INFO = NO;
				MTL_FAST_MATH = YES;
				SDKROOT = iphoneos;
				SWIFT_COMPILATION_MODE = wholemodule;
				SWIFT_OPTIMIZATION_LEVEL = "-O";
				VALIDATE_PRODUCT = YES;
			};
			name = Release;
		};
		16344099278DE97400BD2A12 /* Debug */ = {
			isa = XCBuildConfiguration;
			buildSettings = {
				ASSETCATALOG_COMPILER_APPICON_NAME = AppIcon;
				ASSETCATALOG_COMPILER_GLOBAL_ACCENT_COLOR_NAME = AccentColor;
				CODE_SIGN_IDENTITY = "Apple Development";
				CODE_SIGN_STYLE = Automatic;
				CURRENT_PROJECT_VERSION = 1;
				DEVELOPMENT_ASSET_PATHS = "\"Movies2You/Preview Content\"";
				DEVELOPMENT_TEAM = J93F974236;
				ENABLE_PREVIEWS = YES;
				GENERATE_INFOPLIST_FILE = YES;
				INFOPLIST_FILE = Movies2You/Info.plist;
				INFOPLIST_KEY_UIApplicationSceneManifest_Generation = YES;
				INFOPLIST_KEY_UIApplicationSupportsIndirectInputEvents = YES;
				INFOPLIST_KEY_UILaunchScreen_Generation = YES;
				INFOPLIST_KEY_UISupportedInterfaceOrientations = UIInterfaceOrientationPortrait;
				INFOPLIST_KEY_UISupportedInterfaceOrientations_iPad = "UIInterfaceOrientationPortrait UIInterfaceOrientationPortraitUpsideDown UIInterfaceOrientationLandscapeLeft UIInterfaceOrientationLandscapeRight";
				INFOPLIST_KEY_UISupportedInterfaceOrientations_iPhone = UIInterfaceOrientationPortrait;
				LD_RUNPATH_SEARCH_PATHS = (
					"$(inherited)",
					"@executable_path/Frameworks",
				);
				MARKETING_VERSION = 1.0;
				PRODUCT_BUNDLE_IDENTIFIER = jhonalves.Movies2You.app;
				PRODUCT_NAME = "$(TARGET_NAME)";
				PROVISIONING_PROFILE_SPECIFIER = "";
				SWIFT_EMIT_LOC_STRINGS = YES;
				SWIFT_VERSION = 5.0;
				TARGETED_DEVICE_FAMILY = "1,2";
			};
			name = Debug;
		};
		1634409A278DE97400BD2A12 /* Release */ = {
			isa = XCBuildConfiguration;
			buildSettings = {
				ASSETCATALOG_COMPILER_APPICON_NAME = AppIcon;
				ASSETCATALOG_COMPILER_GLOBAL_ACCENT_COLOR_NAME = AccentColor;
				CODE_SIGN_IDENTITY = "Apple Development";
				CODE_SIGN_STYLE = Automatic;
				CURRENT_PROJECT_VERSION = 1;
				DEVELOPMENT_ASSET_PATHS = "\"Movies2You/Preview Content\"";
				DEVELOPMENT_TEAM = J93F974236;
				ENABLE_PREVIEWS = YES;
				GENERATE_INFOPLIST_FILE = YES;
				INFOPLIST_FILE = Movies2You/Info.plist;
				INFOPLIST_KEY_UIApplicationSceneManifest_Generation = YES;
				INFOPLIST_KEY_UIApplicationSupportsIndirectInputEvents = YES;
				INFOPLIST_KEY_UILaunchScreen_Generation = YES;
				INFOPLIST_KEY_UISupportedInterfaceOrientations = UIInterfaceOrientationPortrait;
				INFOPLIST_KEY_UISupportedInterfaceOrientations_iPad = "UIInterfaceOrientationPortrait UIInterfaceOrientationPortraitUpsideDown UIInterfaceOrientationLandscapeLeft UIInterfaceOrientationLandscapeRight";
				INFOPLIST_KEY_UISupportedInterfaceOrientations_iPhone = UIInterfaceOrientationPortrait;
				LD_RUNPATH_SEARCH_PATHS = (
					"$(inherited)",
					"@executable_path/Frameworks",
				);
				MARKETING_VERSION = 1.0;
				PRODUCT_BUNDLE_IDENTIFIER = jhonalves.Movies2You.app;
				PRODUCT_NAME = "$(TARGET_NAME)";
				PROVISIONING_PROFILE_SPECIFIER = "";
				SWIFT_EMIT_LOC_STRINGS = YES;
				SWIFT_VERSION = 5.0;
				TARGETED_DEVICE_FAMILY = "1,2";
			};
			name = Release;
		};
/* End XCBuildConfiguration section */

/* Begin XCConfigurationList section */
		16344085278DE97200BD2A12 /* Build configuration list for PBXProject "Movies2You" */ = {
			isa = XCConfigurationList;
			buildConfigurations = (
				16344096278DE97400BD2A12 /* Debug */,
				16344097278DE97400BD2A12 /* Release */,
			);
			defaultConfigurationIsVisible = 0;
			defaultConfigurationName = Release;
		};
		16344098278DE97400BD2A12 /* Build configuration list for PBXNativeTarget "Movies2You" */ = {
			isa = XCConfigurationList;
			buildConfigurations = (
				16344099278DE97400BD2A12 /* Debug */,
				1634409A278DE97400BD2A12 /* Release */,
			);
			defaultConfigurationIsVisible = 0;
			defaultConfigurationName = Release;
		};
/* End XCConfigurationList section */
	};
	rootObject = 16344082278DE97200BD2A12 /* Project object */;
}
